
Microsoft Visual Studio Solution File, Format Version 12.00
# Visual Studio Version 17
VisualStudioVersion = 17.5.002.0
MinimumVisualStudioVersion = 10.0.40219.1
Project("{2150E333-8FDC-42A3-9474-1A3956D46DE8}") = "Calculator", "Calculator", "{4FCDA43A-26BC-4D06-86E5-342BA9C3F8EF}"
EndProject
Project("{9A19103F-16F7-4668-BE54-9A1E7A4F7556}") = "Calculator", "Calculator\Calculator\Calculator.csproj", "{6CF8E30B-3D92-4033-B137-BD150E51ABBF}"
EndProject
Global
	GlobalSection(SolutionConfigurationPlatforms) = preSolution
		Debug|Any CPU = Debug|Any CPU
		Release|Any CPU = Release|Any CPU
	EndGlobalSection
	GlobalSection(ProjectConfigurationPlatforms) = postSolution
		{6CF8E30B-3D92-4033-B137-BD150E51ABBF}.Debug|Any CPU.ActiveCfg = Debug|Any CPU
		{6CF8E30B-3D92-4033-B137-BD150E51ABBF}.Debug|Any CPU.Build.0 = Debug|Any CPU
		{6CF8E30B-3D92-4033-B137-BD150E51ABBF}.Release|Any CPU.ActiveCfg = Release|Any CPU
		{6CF8E30B-3D92-4033-B137-BD150E51ABBF}.Release|Any CPU.Build.0 = Release|Any CPU
	EndGlobalSection
	GlobalSection(SolutionProperties) = preSolution
		HideSolutionNode = FALSE
	EndGlobalSection
	GlobalSection(NestedProjects) = preSolution
		{6CF8E30B-3D92-4033-B137-BD150E51ABBF} = {4FCDA43A-26BC-4D06-86E5-342BA9C3F8EF}
	EndGlobalSection
	GlobalSection(ExtensibilityGlobals) = postSolution
		SolutionGuid = {CFD6E4C9-4FC8-43D2-BBC2-6AB51AC5CF2D}
	EndGlobalSection
EndGlobal
